
Microsoft Visual Studio Solution File, Format Version 12.00
# Visual Studio Version 16
VisualStudioVersion = 16.0.30225.117
MinimumVisualStudioVersion = 10.0.40219.1
Project("{FAE04EC0-301F-11D3-BF4B-00C04F79EFBC}") = "WebApp", "WebApp\WebApp.csproj", "{B95E5003-1465-4D1D-8465-3608FB17B49B}"
EndProject
Global
	GlobalSection(SolutionConfigurationPlatforms) = preSolution
		Debug|Any CPU = Debug|Any CPU
		Release|Any CPU = Release|Any CPU
	EndGlobalSection
	GlobalSection(ProjectConfigurationPlatforms) = postSolution
		{B95E5003-1465-4D1D-8465-3608FB17B49B}.Debug|Any CPU.ActiveCfg = Debug|Any CPU
		{B95E5003-1465-4D1D-8465-3608FB17B49B}.Debug|Any CPU.Build.0 = Debug|Any CPU
		{B95E5003-1465-4D1D-8465-3608FB17B49B}.Release|Any CPU.ActiveCfg = Release|Any CPU
		{B95E5003-1465-4D1D-8465-3608FB17B49B}.Release|Any CPU.Build.0 = Release|Any CPU
	EndGlobalSection
	GlobalSection(SolutionProperties) = preSolution
		HideSolutionNode = FALSE
	EndGlobalSection
	GlobalSection(ExtensibilityGlobals) = postSolution
		SolutionGuid = {A742522A-2266-4CED-864A-02C147EB35EF}
	EndGlobalSection
EndGlobal
